// !$*UTF8*$!
{
	archiveVersion = 1;
	classes = {
	};
	objectVersion = 46;
	objects = {

/* Begin PBXBuildFile section */
		431A77691BB7DA0800F887AD /* spectra_basic_triangle.metal in Sources */ = {isa = PBXBuildFile; fileRef = 431A77671BB7DA0800F887AD /* spectra_basic_triangle.metal */; settings = {ASSET_TAGS = (); }; };
		431A776A1BB7DA0800F887AD /* spectra_common.metal in Sources */ = {isa = PBXBuildFile; fileRef = 431A77681BB7DA0800F887AD /* spectra_common.metal */; settings = {ASSET_TAGS = (); }; };
		431A776C1BB7EEC400F887AD /* SpectraRenderer.swift in Sources */ = {isa = PBXBuildFile; fileRef = 431A776B1BB7EEC400F887AD /* SpectraRenderer.swift */; settings = {ASSET_TAGS = (); }; };
		431A776E1BB7EECB00F887AD /* SpectraView.swift in Sources */ = {isa = PBXBuildFile; fileRef = 431A776D1BB7EECB00F887AD /* SpectraView.swift */; settings = {ASSET_TAGS = (); }; };
		431A77701BB7F60A00F887AD /* SpectraCommandBufferProvider.swift in Sources */ = {isa = PBXBuildFile; fileRef = 431A776F1BB7F60A00F887AD /* SpectraCommandBufferProvider.swift */; settings = {ASSET_TAGS = (); }; };
		43AE8CBD1BBA0D2F009D256B /* SpectraBufferProvider.swift in Sources */ = {isa = PBXBuildFile; fileRef = 43AE8CBC1BBA0D2F009D256B /* SpectraBufferProvider.swift */; settings = {ASSET_TAGS = (); }; };
		43AE8CBF1BBA50CD009D256B /* SpectraScene.swift in Sources */ = {isa = PBXBuildFile; fileRef = 43AE8CBE1BBA50CD009D256B /* SpectraScene.swift */; settings = {ASSET_TAGS = (); }; };
		43F7EF1D1BB4A2AC00FB1E61 /* Spectra.swift in Sources */ = {isa = PBXBuildFile; fileRef = 43F7EF1C1BB4A2AC00FB1E61 /* Spectra.swift */; settings = {ASSET_TAGS = (); }; };
		43F7EF1F1BB5E9EC00FB1E61 /* SpectraBuffer.swift in Sources */ = {isa = PBXBuildFile; fileRef = 43F7EF1E1BB5E9EC00FB1E61 /* SpectraBuffer.swift */; settings = {ASSET_TAGS = (); }; };
		43F7EF211BB5E9F500FB1E61 /* SpectraNode.swift in Sources */ = {isa = PBXBuildFile; fileRef = 43F7EF201BB5E9F500FB1E61 /* SpectraNode.swift */; settings = {ASSET_TAGS = (); }; };
		43F7EF231BB5EAAC00FB1E61 /* SpectraInput.swift in Sources */ = {isa = PBXBuildFile; fileRef = 43F7EF221BB5EAAC00FB1E61 /* SpectraInput.swift */; settings = {ASSET_TAGS = (); }; };
		43F7EF251BB5ECA000FB1E61 /* SpectraTransforms.swift in Sources */ = {isa = PBXBuildFile; fileRef = 43F7EF241BB5ECA000FB1E61 /* SpectraTransforms.swift */; settings = {ASSET_TAGS = (); }; };
/* End PBXBuildFile section */

/* Begin PBXFileReference section */
		431A77671BB7DA0800F887AD /* spectra_basic_triangle.metal */ = {isa = PBXFileReference; fileEncoding = 4; lastKnownFileType = sourcecode.metal; name = spectra_basic_triangle.metal; path = shaders/spectra_basic_triangle.metal; sourceTree = "<group>"; };
		431A77681BB7DA0800F887AD /* spectra_common.metal */ = {isa = PBXFileReference; fileEncoding = 4; lastKnownFileType = sourcecode.metal; name = spectra_common.metal; path = shaders/spectra_common.metal; sourceTree = "<group>"; };
		431A776B1BB7EEC400F887AD /* SpectraRenderer.swift */ = {isa = PBXFileReference; fileEncoding = 4; lastKnownFileType = sourcecode.swift; path = SpectraRenderer.swift; sourceTree = "<group>"; };
		431A776D1BB7EECB00F887AD /* SpectraView.swift */ = {isa = PBXFileReference; fileEncoding = 4; lastKnownFileType = sourcecode.swift; path = SpectraView.swift; sourceTree = "<group>"; };
		431A776F1BB7F60A00F887AD /* SpectraCommandBufferProvider.swift */ = {isa = PBXFileReference; fileEncoding = 4; lastKnownFileType = sourcecode.swift; path = SpectraCommandBufferProvider.swift; sourceTree = "<group>"; };
		43AE8CBC1BBA0D2F009D256B /* SpectraBufferProvider.swift */ = {isa = PBXFileReference; fileEncoding = 4; lastKnownFileType = sourcecode.swift; path = SpectraBufferProvider.swift; sourceTree = "<group>"; };
		43AE8CBE1BBA50CD009D256B /* SpectraScene.swift */ = {isa = PBXFileReference; fileEncoding = 4; lastKnownFileType = sourcecode.swift; path = SpectraScene.swift; sourceTree = "<group>"; };
		43F7EF0D1BB49A0500FB1E61 /* libSpectra.dylib */ = {isa = PBXFileReference; explicitFileType = "compiled.mach-o.dylib"; includeInIndex = 0; path = libSpectra.dylib; sourceTree = BUILT_PRODUCTS_DIR; };
		43F7EF1B1BB4A2AB00FB1E61 /* Spectra-Bridging-Header.h */ = {isa = PBXFileReference; lastKnownFileType = sourcecode.c.h; path = "Spectra-Bridging-Header.h"; sourceTree = "<group>"; };
		43F7EF1C1BB4A2AC00FB1E61 /* Spectra.swift */ = {isa = PBXFileReference; fileEncoding = 4; lastKnownFileType = sourcecode.swift; path = Spectra.swift; sourceTree = "<group>"; };
		43F7EF1E1BB5E9EC00FB1E61 /* SpectraBuffer.swift */ = {isa = PBXFileReference; fileEncoding = 4; lastKnownFileType = sourcecode.swift; path = SpectraBuffer.swift; sourceTree = "<group>"; };
		43F7EF201BB5E9F500FB1E61 /* SpectraNode.swift */ = {isa = PBXFileReference; fileEncoding = 4; lastKnownFileType = sourcecode.swift; path = SpectraNode.swift; sourceTree = "<group>"; };
		43F7EF221BB5EAAC00FB1E61 /* SpectraInput.swift */ = {isa = PBXFileReference; fileEncoding = 4; lastKnownFileType = sourcecode.swift; path = SpectraInput.swift; sourceTree = "<group>"; };
		43F7EF241BB5ECA000FB1E61 /* SpectraTransforms.swift */ = {isa = PBXFileReference; fileEncoding = 4; lastKnownFileType = sourcecode.swift; path = SpectraTransforms.swift; sourceTree = "<group>"; };
/* End PBXFileReference section */

/* Begin PBXFrameworksBuildPhase section */
		43F7EF0A1BB49A0500FB1E61 /* Frameworks */ = {
			isa = PBXFrameworksBuildPhase;
			buildActionMask = 2147483647;
			files = (
			);
			runOnlyForDeploymentPostprocessing = 0;
		};
/* End PBXFrameworksBuildPhase section */

/* Begin PBXGroup section */
		431A77661BB7D96000F887AD /* shaders */ = {
			isa = PBXGroup;
			children = (
				431A77671BB7DA0800F887AD /* spectra_basic_triangle.metal */,
				431A77681BB7DA0800F887AD /* spectra_common.metal */,
			);
			name = shaders;
			sourceTree = "<group>";
		};
		43F7EF041BB49A0500FB1E61 = {
			isa = PBXGroup;
			children = (
				43F7EF0F1BB49A0500FB1E61 /* Spectra */,
				43F7EF0E1BB49A0500FB1E61 /* Products */,
			);
			sourceTree = "<group>";
		};
		43F7EF0E1BB49A0500FB1E61 /* Products */ = {
			isa = PBXGroup;
			children = (
				43F7EF0D1BB49A0500FB1E61 /* libSpectra.dylib */,
			);
			name = Products;
			sourceTree = "<group>";
		};
		43F7EF0F1BB49A0500FB1E61 /* Spectra */ = {
			isa = PBXGroup;
			children = (
				431A77661BB7D96000F887AD /* shaders */,
				43F7EF1C1BB4A2AC00FB1E61 /* Spectra.swift */,
				43F7EF1B1BB4A2AB00FB1E61 /* Spectra-Bridging-Header.h */,
				43F7EF1E1BB5E9EC00FB1E61 /* SpectraBuffer.swift */,
				43F7EF201BB5E9F500FB1E61 /* SpectraNode.swift */,
				43F7EF221BB5EAAC00FB1E61 /* SpectraInput.swift */,
				43F7EF241BB5ECA000FB1E61 /* SpectraTransforms.swift */,
				431A776B1BB7EEC400F887AD /* SpectraRenderer.swift */,
				431A776D1BB7EECB00F887AD /* SpectraView.swift */,
				431A776F1BB7F60A00F887AD /* SpectraCommandBufferProvider.swift */,
				43AE8CBC1BBA0D2F009D256B /* SpectraBufferProvider.swift */,
				43AE8CBE1BBA50CD009D256B /* SpectraScene.swift */,
			);
			path = Spectra;
			sourceTree = "<group>";
		};
/* End PBXGroup section */

/* Begin PBXHeadersBuildPhase section */
		43F7EF0B1BB49A0500FB1E61 /* Headers */ = {
			isa = PBXHeadersBuildPhase;
			buildActionMask = 2147483647;
			files = (
			);
			runOnlyForDeploymentPostprocessing = 0;
		};
/* End PBXHeadersBuildPhase section */

/* Begin PBXNativeTarget section */
		43F7EF0C1BB49A0500FB1E61 /* Spectra */ = {
			isa = PBXNativeTarget;
			buildConfigurationList = 43F7EF161BB49A0500FB1E61 /* Build configuration list for PBXNativeTarget "Spectra" */;
			buildPhases = (
				43F7EF091BB49A0500FB1E61 /* Sources */,
				43F7EF0A1BB49A0500FB1E61 /* Frameworks */,
				43F7EF0B1BB49A0500FB1E61 /* Headers */,
			);
			buildRules = (
			);
			dependencies = (
			);
			name = Spectra;
			productName = Spectra;
			productReference = 43F7EF0D1BB49A0500FB1E61 /* libSpectra.dylib */;
			productType = "com.apple.product-type.library.dynamic";
		};
/* End PBXNativeTarget section */

/* Begin PBXProject section */
		43F7EF051BB49A0500FB1E61 /* Project object */ = {
			isa = PBXProject;
			attributes = {
				LastSwiftUpdateCheck = 0700;
				LastUpgradeCheck = 0700;
				ORGANIZATIONNAME = Spectra;
				TargetAttributes = {
					43F7EF0C1BB49A0500FB1E61 = {
						CreatedOnToolsVersion = 7.0;
					};
				};
			};
			buildConfigurationList = 43F7EF081BB49A0500FB1E61 /* Build configuration list for PBXProject "Spectra" */;
			compatibilityVersion = "Xcode 3.2";
			developmentRegion = English;
			hasScannedForEncodings = 0;
			knownRegions = (
				en,
			);
			mainGroup = 43F7EF041BB49A0500FB1E61;
			productRefGroup = 43F7EF0E1BB49A0500FB1E61 /* Products */;
			projectDirPath = "";
			projectRoot = "";
			targets = (
				43F7EF0C1BB49A0500FB1E61 /* Spectra */,
			);
		};
/* End PBXProject section */

/* Begin PBXSourcesBuildPhase section */
		43F7EF091BB49A0500FB1E61 /* Sources */ = {
			isa = PBXSourcesBuildPhase;
			buildActionMask = 2147483647;
			files = (
				431A776E1BB7EECB00F887AD /* SpectraView.swift in Sources */,
				43AE8CBF1BBA50CD009D256B /* SpectraScene.swift in Sources */,
				43F7EF1F1BB5E9EC00FB1E61 /* SpectraBuffer.swift in Sources */,
				431A776C1BB7EEC400F887AD /* SpectraRenderer.swift in Sources */,
				43F7EF211BB5E9F500FB1E61 /* SpectraNode.swift in Sources */,
				431A77691BB7DA0800F887AD /* spectra_basic_triangle.metal in Sources */,
				43F7EF1D1BB4A2AC00FB1E61 /* Spectra.swift in Sources */,
				43F7EF231BB5EAAC00FB1E61 /* SpectraInput.swift in Sources */,
				431A77701BB7F60A00F887AD /* SpectraCommandBufferProvider.swift in Sources */,
				43AE8CBD1BBA0D2F009D256B /* SpectraBufferProvider.swift in Sources */,
				431A776A1BB7DA0800F887AD /* spectra_common.metal in Sources */,
				43F7EF251BB5ECA000FB1E61 /* SpectraTransforms.swift in Sources */,
			);
			runOnlyForDeploymentPostprocessing = 0;
		};
/* End PBXSourcesBuildPhase section */

/* Begin XCBuildConfiguration section */
		43F7EF141BB49A0500FB1E61 /* Debug */ = {
			isa = XCBuildConfiguration;
			buildSettings = {
				ALWAYS_SEARCH_USER_PATHS = NO;
				CLANG_CXX_LANGUAGE_STANDARD = "gnu++0x";
				CLANG_CXX_LIBRARY = "libc++";
				CLANG_ENABLE_MODULES = YES;
				CLANG_ENABLE_OBJC_ARC = YES;
				CLANG_WARN_BOOL_CONVERSION = YES;
				CLANG_WARN_CONSTANT_CONVERSION = YES;
				CLANG_WARN_DIRECT_OBJC_ISA_USAGE = YES_ERROR;
				CLANG_WARN_EMPTY_BODY = YES;
				CLANG_WARN_ENUM_CONVERSION = YES;
				CLANG_WARN_INT_CONVERSION = YES;
				CLANG_WARN_OBJC_ROOT_CLASS = YES_ERROR;
				CLANG_WARN_UNREACHABLE_CODE = YES;
				CLANG_WARN__DUPLICATE_METHOD_MATCH = YES;
				COPY_PHASE_STRIP = NO;
				DEBUG_INFORMATION_FORMAT = dwarf;
				ENABLE_STRICT_OBJC_MSGSEND = YES;
				ENABLE_TESTABILITY = YES;
				GCC_C_LANGUAGE_STANDARD = gnu99;
				GCC_DYNAMIC_NO_PIC = NO;
				GCC_NO_COMMON_BLOCKS = YES;
				GCC_OPTIMIZATION_LEVEL = 0;
				GCC_PREPROCESSOR_DEFINITIONS = (
					"DEBUG=1",
					"$(inherited)",
				);
				GCC_WARN_64_TO_32_BIT_CONVERSION = YES;
				GCC_WARN_ABOUT_RETURN_TYPE = YES_ERROR;
				GCC_WARN_UNDECLARED_SELECTOR = YES;
				GCC_WARN_UNINITIALIZED_AUTOS = YES_AGGRESSIVE;
				GCC_WARN_UNUSED_FUNCTION = YES;
				GCC_WARN_UNUSED_VARIABLE = YES;
				MACOSX_DEPLOYMENT_TARGET = 10.11;
				MTL_ENABLE_DEBUG_INFO = YES;
				ONLY_ACTIVE_ARCH = YES;
				SDKROOT = macosx;
			};
			name = Debug;
		};
		43F7EF151BB49A0500FB1E61 /* Release */ = {
			isa = XCBuildConfiguration;
			buildSettings = {
				ALWAYS_SEARCH_USER_PATHS = NO;
				CLANG_CXX_LANGUAGE_STANDARD = "gnu++0x";
				CLANG_CXX_LIBRARY = "libc++";
				CLANG_ENABLE_MODULES = YES;
				CLANG_ENABLE_OBJC_ARC = YES;
				CLANG_WARN_BOOL_CONVERSION = YES;
				CLANG_WARN_CONSTANT_CONVERSION = YES;
				CLANG_WARN_DIRECT_OBJC_ISA_USAGE = YES_ERROR;
				CLANG_WARN_EMPTY_BODY = YES;
				CLANG_WARN_ENUM_CONVERSION = YES;
				CLANG_WARN_INT_CONVERSION = YES;
				CLANG_WARN_OBJC_ROOT_CLASS = YES_ERROR;
				CLANG_WARN_UNREACHABLE_CODE = YES;
				CLANG_WARN__DUPLICATE_METHOD_MATCH = YES;
				COPY_PHASE_STRIP = NO;
				DEBUG_INFORMATION_FORMAT = "dwarf-with-dsym";
				ENABLE_NS_ASSERTIONS = NO;
				ENABLE_STRICT_OBJC_MSGSEND = YES;
				GCC_C_LANGUAGE_STANDARD = gnu99;
				GCC_NO_COMMON_BLOCKS = YES;
				GCC_WARN_64_TO_32_BIT_CONVERSION = YES;
				GCC_WARN_ABOUT_RETURN_TYPE = YES_ERROR;
				GCC_WARN_UNDECLARED_SELECTOR = YES;
				GCC_WARN_UNINITIALIZED_AUTOS = YES_AGGRESSIVE;
				GCC_WARN_UNUSED_FUNCTION = YES;
				GCC_WARN_UNUSED_VARIABLE = YES;
				MACOSX_DEPLOYMENT_TARGET = 10.11;
				MTL_ENABLE_DEBUG_INFO = NO;
				SDKROOT = macosx;
			};
			name = Release;
		};
		43F7EF171BB49A0500FB1E61 /* Debug */ = {
			isa = XCBuildConfiguration;
			buildSettings = {
				CLANG_ENABLE_MODULES = YES;
				DYLIB_COMPATIBILITY_VERSION = 1;
				DYLIB_CURRENT_VERSION = 1;
				EXECUTABLE_PREFIX = lib;
				LD_RUNPATH_SEARCH_PATHS = "$(inherited) @executable_path/../Frameworks @loader_path/../Frameworks";
				PRODUCT_NAME = "$(TARGET_NAME)";
				SWIFT_OBJC_BRIDGING_HEADER = "Spectra/Spectra-Bridging-Header.h";
				SWIFT_OPTIMIZATION_LEVEL = "-Onone";
			};
			name = Debug;
		};
		43F7EF181BB49A0500FB1E61 /* Release */ = {
			isa = XCBuildConfiguration;
			buildSettings = {
				CLANG_ENABLE_MODULES = YES;
				DYLIB_COMPATIBILITY_VERSION = 1;
				DYLIB_CURRENT_VERSION = 1;
				EXECUTABLE_PREFIX = lib;
				LD_RUNPATH_SEARCH_PATHS = "$(inherited) @executable_path/../Frameworks @loader_path/../Frameworks";
				PRODUCT_NAME = "$(TARGET_NAME)";
				SWIFT_OBJC_BRIDGING_HEADER = "Spectra/Spectra-Bridging-Header.h";
			};
			name = Release;
		};
/* End XCBuildConfiguration section */

/* Begin XCConfigurationList section */
		43F7EF081BB49A0500FB1E61 /* Build configuration list for PBXProject "Spectra" */ = {
			isa = XCConfigurationList;
			buildConfigurations = (
				43F7EF141BB49A0500FB1E61 /* Debug */,
				43F7EF151BB49A0500FB1E61 /* Release */,
			);
			defaultConfigurationIsVisible = 0;
			defaultConfigurationName = Release;
		};
		43F7EF161BB49A0500FB1E61 /* Build configuration list for PBXNativeTarget "Spectra" */ = {
			isa = XCConfigurationList;
			buildConfigurations = (
				43F7EF171BB49A0500FB1E61 /* Debug */,
				43F7EF181BB49A0500FB1E61 /* Release */,
			);
			defaultConfigurationIsVisible = 0;
			defaultConfigurationName = Release;
		};
/* End XCConfigurationList section */
	};
	rootObject = 43F7EF051BB49A0500FB1E61 /* Project object */;
}
