// !$*UTF8*$!
{
	archiveVersion = 1;
	classes = {
	};
	objectVersion = 46;
	objects = {

/* Begin PBXBuildFile section */
		066BB154BA24C4DCEF4642F1 /* Pods_Spectra_Tests.framework in Frameworks */ = {isa = PBXBuildFile; fileRef = A033ED2BE8059D67C63C7076 /* Pods_Spectra_Tests.framework */; };
		433894481BCB676A00CE1002 /* Spectra3D.xml in Resources */ = {isa = PBXBuildFile; fileRef = 433894471BCB676A00CE1002 /* Spectra3D.xml */; settings = {ASSET_TAGS = (); }; };
		436B06751BBFB3AE007C738A /* MetalViewController.swift in Sources */ = {isa = PBXBuildFile; fileRef = 436B06741BBFB3AE007C738A /* MetalViewController.swift */; };
		436B068B1BC23328007C738A /* SpectrogramTextureController.swift in Sources */ = {isa = PBXBuildFile; fileRef = 436B068A1BC23328007C738A /* SpectrogramTextureController.swift */; };
		438ACE021BC7163D0008C59E /* CubeViewController.swift in Sources */ = {isa = PBXBuildFile; fileRef = 438ACE011BC7163D0008C59E /* CubeViewController.swift */; settings = {ASSET_TAGS = (); }; };
		43B74F451BD658EB009D9BED /* SceneGraphXMLTest.xml in Resources */ = {isa = PBXBuildFile; fileRef = 43B74F441BD658EB009D9BED /* SceneGraphXMLTest.xml */; settings = {ASSET_TAGS = (); }; };
		43B74F481BD666D8009D9BED /* SceneGraphXMLSpec.swift in Sources */ = {isa = PBXBuildFile; fileRef = 43B74F461BD65F76009D9BED /* SceneGraphXMLSpec.swift */; settings = {ASSET_TAGS = (); }; };
		43D8BAA91BC82100004323ED /* Cube.xml in Resources */ = {isa = PBXBuildFile; fileRef = 43D8BAA81BC82100004323ED /* Cube.xml */; settings = {ASSET_TAGS = (); }; };
		43D8BAAD1BC85B02004323ED /* DataEncoding.swift in Sources */ = {isa = PBXBuildFile; fileRef = 43D8BAAC1BC85B02004323ED /* DataEncoding.swift */; settings = {ASSET_TAGS = (); }; };
		43D8BAB01BC87A97004323ED /* TexturedQuadController.swift in Sources */ = {isa = PBXBuildFile; fileRef = 43D8BAAF1BC87A97004323ED /* TexturedQuadController.swift */; settings = {ASSET_TAGS = (); }; };
		43DADE531BD21C7100986774 /* S3DXMLSpec.swift in Sources */ = {isa = PBXBuildFile; fileRef = 434358481BD2150100B13F10 /* S3DXMLSpec.swift */; settings = {ASSET_TAGS = (); }; };
		43DADE551BD25D4900986774 /* S3DXMLTest.xml in Resources */ = {isa = PBXBuildFile; fileRef = 43DADE541BD25D4900986774 /* S3DXMLTest.xml */; settings = {ASSET_TAGS = (); }; };
		43DADE581BD37BFB00986774 /* S3DXMLTest.xml in Resources */ = {isa = PBXBuildFile; fileRef = 43DADE561BD37BEA00986774 /* S3DXMLTest.xml */; settings = {ASSET_TAGS = (); }; };
		43DADE5B1BD51C0300986774 /* SpectraSceneGraph.xml in Resources */ = {isa = PBXBuildFile; fileRef = 43DADE5A1BD51C0300986774 /* SpectraSceneGraph.xml */; settings = {ASSET_TAGS = (); }; };
		43E26EAD1BCE280100709D29 /* S3DXSDSpec.swift in Sources */ = {isa = PBXBuildFile; fileRef = 43E26EAB1BCE248C00709D29 /* S3DXSDSpec.swift */; settings = {ASSET_TAGS = (); }; };
		43E90C1A1BC45AC9009DBF99 /* color_shift.metal in Sources */ = {isa = PBXBuildFile; fileRef = 43E90C191BC45AC9009DBF99 /* color_shift.metal */; settings = {ASSET_TAGS = (); }; };
		607FACD61AFB9204008FA782 /* AppDelegate.swift in Sources */ = {isa = PBXBuildFile; fileRef = 607FACD51AFB9204008FA782 /* AppDelegate.swift */; };
		607FACD81AFB9204008FA782 /* ViewController.swift in Sources */ = {isa = PBXBuildFile; fileRef = 607FACD71AFB9204008FA782 /* ViewController.swift */; };
		607FACDB1AFB9204008FA782 /* Main.storyboard in Resources */ = {isa = PBXBuildFile; fileRef = 607FACD91AFB9204008FA782 /* Main.storyboard */; };
		607FACDD1AFB9204008FA782 /* Images.xcassets in Resources */ = {isa = PBXBuildFile; fileRef = 607FACDC1AFB9204008FA782 /* Images.xcassets */; };
		607FACE01AFB9204008FA782 /* LaunchScreen.xib in Resources */ = {isa = PBXBuildFile; fileRef = 607FACDE1AFB9204008FA782 /* LaunchScreen.xib */; };
		A4F318A219D1F7B46C3BCA7B /* Pods_Spectra_Example.framework in Frameworks */ = {isa = PBXBuildFile; fileRef = E0114F1238F6EAA1CA832078 /* Pods_Spectra_Example.framework */; };
		FE3964A2B608F19CEDFC82C1 /* Pods.framework in Frameworks */ = {isa = PBXBuildFile; fileRef = 8670C11B8707620747FB999E /* Pods.framework */; };
/* End PBXBuildFile section */

/* Begin PBXContainerItemProxy section */
		43E26EA81BCE222100709D29 /* PBXContainerItemProxy */ = {
			isa = PBXContainerItemProxy;
			containerPortal = 607FACC81AFB9204008FA782 /* Project object */;
			proxyType = 1;
			remoteGlobalIDString = 607FACCF1AFB9204008FA782;
			remoteInfo = Spectra_Example;
		};
/* End PBXContainerItemProxy section */

/* Begin PBXFileReference section */
		0A504692F105E6A7CFDAC5DC /* Pods-Spectra_Tests.debug.xcconfig */ = {isa = PBXFileReference; includeInIndex = 1; lastKnownFileType = text.xcconfig; name = "Pods-Spectra_Tests.debug.xcconfig"; path = "Pods/Target Support Files/Pods-Spectra_Tests/Pods-Spectra_Tests.debug.xcconfig"; sourceTree = "<group>"; };
		0BD99D9098A196B696963522 /* LICENSE */ = {isa = PBXFileReference; includeInIndex = 1; lastKnownFileType = text; name = LICENSE; path = ../LICENSE; sourceTree = "<group>"; };
		1328903B16E792FD233D3B8E /* Spectra.podspec */ = {isa = PBXFileReference; includeInIndex = 1; lastKnownFileType = text; name = Spectra.podspec; path = ../Spectra.podspec; sourceTree = "<group>"; };
		433894471BCB676A00CE1002 /* Spectra3D.xml */ = {isa = PBXFileReference; fileEncoding = 4; lastKnownFileType = text.xml; path = Spectra3D.xml; sourceTree = "<group>"; };
		434358481BD2150100B13F10 /* S3DXMLSpec.swift */ = {isa = PBXFileReference; fileEncoding = 4; lastKnownFileType = sourcecode.swift; path = S3DXMLSpec.swift; sourceTree = "<group>"; };
		436B06741BBFB3AE007C738A /* MetalViewController.swift */ = {isa = PBXFileReference; fileEncoding = 4; lastKnownFileType = sourcecode.swift; path = MetalViewController.swift; sourceTree = "<group>"; };
		436B068A1BC23328007C738A /* SpectrogramTextureController.swift */ = {isa = PBXFileReference; fileEncoding = 4; lastKnownFileType = sourcecode.swift; path = SpectrogramTextureController.swift; sourceTree = "<group>"; };
		438ACE011BC7163D0008C59E /* CubeViewController.swift */ = {isa = PBXFileReference; fileEncoding = 4; lastKnownFileType = sourcecode.swift; path = CubeViewController.swift; sourceTree = "<group>"; };
		43B74F441BD658EB009D9BED /* SceneGraphXMLTest.xml */ = {isa = PBXFileReference; fileEncoding = 4; lastKnownFileType = text.xml; path = SceneGraphXMLTest.xml; sourceTree = "<group>"; };
		43B74F461BD65F76009D9BED /* SceneGraphXMLSpec.swift */ = {isa = PBXFileReference; fileEncoding = 4; lastKnownFileType = sourcecode.swift; path = SceneGraphXMLSpec.swift; sourceTree = "<group>"; };
		43D8BAA81BC82100004323ED /* Cube.xml */ = {isa = PBXFileReference; fileEncoding = 4; lastKnownFileType = text.xml; path = Cube.xml; sourceTree = "<group>"; };
		43D8BAAC1BC85B02004323ED /* DataEncoding.swift */ = {isa = PBXFileReference; fileEncoding = 4; lastKnownFileType = sourcecode.swift; path = DataEncoding.swift; sourceTree = "<group>"; };
		43D8BAAF1BC87A97004323ED /* TexturedQuadController.swift */ = {isa = PBXFileReference; fileEncoding = 4; lastKnownFileType = sourcecode.swift; path = TexturedQuadController.swift; sourceTree = "<group>"; };
		43DADE541BD25D4900986774 /* S3DXMLTest.xml */ = {isa = PBXFileReference; fileEncoding = 4; lastKnownFileType = text.xml; path = S3DXMLTest.xml; sourceTree = "<group>"; };
		43DADE561BD37BEA00986774 /* S3DXMLTest.xml */ = {isa = PBXFileReference; fileEncoding = 4; lastKnownFileType = text.xml; path = S3DXMLTest.xml; sourceTree = "<group>"; };
		43DADE5A1BD51C0300986774 /* SpectraSceneGraph.xml */ = {isa = PBXFileReference; fileEncoding = 4; lastKnownFileType = text.xml; path = SpectraSceneGraph.xml; sourceTree = "<group>"; };
		43E26EA61BCE21F400709D29 /* Pods.framework */ = {isa = PBXFileReference; lastKnownFileType = wrapper.framework; name = Pods.framework; path = "Pods/../build/Debug-iphoneos/Pods.framework"; sourceTree = "<group>"; };
		43E26EAB1BCE248C00709D29 /* S3DXSDSpec.swift */ = {isa = PBXFileReference; fileEncoding = 4; lastKnownFileType = sourcecode.swift; path = S3DXSDSpec.swift; sourceTree = "<group>"; };
		43E90C191BC45AC9009DBF99 /* color_shift.metal */ = {isa = PBXFileReference; fileEncoding = 4; lastKnownFileType = sourcecode.metal; path = color_shift.metal; sourceTree = "<group>"; };
		45209440FD1512ABEF566A1A /* Pods-Spectra_Example.release.xcconfig */ = {isa = PBXFileReference; includeInIndex = 1; lastKnownFileType = text.xcconfig; name = "Pods-Spectra_Example.release.xcconfig"; path = "Pods/Target Support Files/Pods-Spectra_Example/Pods-Spectra_Example.release.xcconfig"; sourceTree = "<group>"; };
		607FACD01AFB9204008FA782 /* Spectra_Example.app */ = {isa = PBXFileReference; explicitFileType = wrapper.application; includeInIndex = 0; path = Spectra_Example.app; sourceTree = BUILT_PRODUCTS_DIR; };
		607FACD41AFB9204008FA782 /* Info.plist */ = {isa = PBXFileReference; lastKnownFileType = text.plist.xml; path = Info.plist; sourceTree = "<group>"; };
		607FACD51AFB9204008FA782 /* AppDelegate.swift */ = {isa = PBXFileReference; lastKnownFileType = sourcecode.swift; path = AppDelegate.swift; sourceTree = "<group>"; };
		607FACD71AFB9204008FA782 /* ViewController.swift */ = {isa = PBXFileReference; lastKnownFileType = sourcecode.swift; path = ViewController.swift; sourceTree = "<group>"; };
		607FACDA1AFB9204008FA782 /* Base */ = {isa = PBXFileReference; lastKnownFileType = file.storyboard; name = Base; path = Base.lproj/Main.storyboard; sourceTree = "<group>"; };
		607FACDC1AFB9204008FA782 /* Images.xcassets */ = {isa = PBXFileReference; lastKnownFileType = folder.assetcatalog; path = Images.xcassets; sourceTree = "<group>"; };
		607FACDF1AFB9204008FA782 /* Base */ = {isa = PBXFileReference; lastKnownFileType = file.xib; name = Base; path = Base.lproj/LaunchScreen.xib; sourceTree = "<group>"; };
		607FACE51AFB9204008FA782 /* Spectra_Tests.xctest */ = {isa = PBXFileReference; explicitFileType = wrapper.cfbundle; includeInIndex = 0; path = Spectra_Tests.xctest; sourceTree = BUILT_PRODUCTS_DIR; };
		607FACEA1AFB9204008FA782 /* Info.plist */ = {isa = PBXFileReference; lastKnownFileType = text.plist.xml; path = Info.plist; sourceTree = "<group>"; };
		8670C11B8707620747FB999E /* Pods.framework */ = {isa = PBXFileReference; explicitFileType = wrapper.framework; includeInIndex = 0; path = Pods.framework; sourceTree = BUILT_PRODUCTS_DIR; };
		A033ED2BE8059D67C63C7076 /* Pods_Spectra_Tests.framework */ = {isa = PBXFileReference; explicitFileType = wrapper.framework; includeInIndex = 0; path = Pods_Spectra_Tests.framework; sourceTree = BUILT_PRODUCTS_DIR; };
		A05BB96BF160C79F9EBEBCEE /* Pods-Spectra_Example.debug.xcconfig */ = {isa = PBXFileReference; includeInIndex = 1; lastKnownFileType = text.xcconfig; name = "Pods-Spectra_Example.debug.xcconfig"; path = "Pods/Target Support Files/Pods-Spectra_Example/Pods-Spectra_Example.debug.xcconfig"; sourceTree = "<group>"; };
		BE33A28BB69B8A19B54F816A /* Pods-Spectra_Tests.release.xcconfig */ = {isa = PBXFileReference; includeInIndex = 1; lastKnownFileType = text.xcconfig; name = "Pods-Spectra_Tests.release.xcconfig"; path = "Pods/Target Support Files/Pods-Spectra_Tests/Pods-Spectra_Tests.release.xcconfig"; sourceTree = "<group>"; };
		C63F368B05D54B2C49A71A9A /* README.md */ = {isa = PBXFileReference; includeInIndex = 1; lastKnownFileType = net.daringfireball.markdown; name = README.md; path = ../README.md; sourceTree = "<group>"; };
		E0114F1238F6EAA1CA832078 /* Pods_Spectra_Example.framework */ = {isa = PBXFileReference; explicitFileType = wrapper.framework; includeInIndex = 0; path = Pods_Spectra_Example.framework; sourceTree = BUILT_PRODUCTS_DIR; };
/* End PBXFileReference section */

/* Begin PBXFrameworksBuildPhase section */
		607FACCD1AFB9204008FA782 /* Frameworks */ = {
			isa = PBXFrameworksBuildPhase;
			buildActionMask = 2147483647;
			files = (
				A4F318A219D1F7B46C3BCA7B /* Pods_Spectra_Example.framework in Frameworks */,
				FE3964A2B608F19CEDFC82C1 /* Pods.framework in Frameworks */,
			);
			runOnlyForDeploymentPostprocessing = 0;
		};
		607FACE21AFB9204008FA782 /* Frameworks */ = {
			isa = PBXFrameworksBuildPhase;
			buildActionMask = 2147483647;
			files = (
				066BB154BA24C4DCEF4642F1 /* Pods_Spectra_Tests.framework in Frameworks */,
			);
			runOnlyForDeploymentPostprocessing = 0;
		};
/* End PBXFrameworksBuildPhase section */

/* Begin PBXGroup section */
		43B74F431BD658D3009D9BED /* SceneGraphXML */ = {
			isa = PBXGroup;
			children = (
				43B74F441BD658EB009D9BED /* SceneGraphXMLTest.xml */,
				43B74F461BD65F76009D9BED /* SceneGraphXMLSpec.swift */,
			);
			name = SceneGraphXML;
			sourceTree = "<group>";
		};
		43D8BAA71BC820AB004323ED /* Cube */ = {
			isa = PBXGroup;
			children = (
				438ACE011BC7163D0008C59E /* CubeViewController.swift */,
				43D8BAA81BC82100004323ED /* Cube.xml */,
			);
			name = Cube;
			sourceTree = "<group>";
		};
		43D8BAAE1BC87A50004323ED /* TexturedQuad */ = {
			isa = PBXGroup;
			children = (
				43D8BAAF1BC87A97004323ED /* TexturedQuadController.swift */,
			);
			name = TexturedQuad;
			sourceTree = "<group>";
		};
		43E26EAA1BCE23E700709D29 /* S3DXML */ = {
			isa = PBXGroup;
			children = (
				43E26EAB1BCE248C00709D29 /* S3DXSDSpec.swift */,
				434358481BD2150100B13F10 /* S3DXMLSpec.swift */,
				43DADE561BD37BEA00986774 /* S3DXMLTest.xml */,
			);
			name = S3DXML;
			sourceTree = "<group>";
		};
		43E90C181BC45A83009DBF99 /* Shaders */ = {
			isa = PBXGroup;
			children = (
				43E90C191BC45AC9009DBF99 /* color_shift.metal */,
			);
			name = Shaders;
			sourceTree = "<group>";
		};
		607FACC71AFB9204008FA782 = {
			isa = PBXGroup;
			children = (
				607FACF51AFB993E008FA782 /* Podspec Metadata */,
				607FACD21AFB9204008FA782 /* Example for Spectra */,
				607FACE81AFB9204008FA782 /* Tests */,
				607FACD11AFB9204008FA782 /* Products */,
				6B4D1D1BCEC22728E369E133 /* Pods */,
				BF787B692E0469487BBB3EA2 /* Frameworks */,
			);
			sourceTree = "<group>";
		};
		607FACD11AFB9204008FA782 /* Products */ = {
			isa = PBXGroup;
			children = (
				607FACD01AFB9204008FA782 /* Spectra_Example.app */,
				607FACE51AFB9204008FA782 /* Spectra_Tests.xctest */,
			);
			name = Products;
			sourceTree = "<group>";
		};
		607FACD21AFB9204008FA782 /* Example for Spectra */ = {
			isa = PBXGroup;
			children = (
				43D8BAAE1BC87A50004323ED /* TexturedQuad */,
				43D8BAA71BC820AB004323ED /* Cube */,
				43E90C181BC45A83009DBF99 /* Shaders */,
				607FACD51AFB9204008FA782 /* AppDelegate.swift */,
				607FACD71AFB9204008FA782 /* ViewController.swift */,
				607FACD91AFB9204008FA782 /* Main.storyboard */,
				607FACDC1AFB9204008FA782 /* Images.xcassets */,
				607FACDE1AFB9204008FA782 /* LaunchScreen.xib */,
				607FACD31AFB9204008FA782 /* Supporting Files */,
				436B06741BBFB3AE007C738A /* MetalViewController.swift */,
				436B068A1BC23328007C738A /* SpectrogramTextureController.swift */,
				43D8BAAC1BC85B02004323ED /* DataEncoding.swift */,
				433894471BCB676A00CE1002 /* Spectra3D.xml */,
				43DADE5A1BD51C0300986774 /* SpectraSceneGraph.xml */,
			);
			name = "Example for Spectra";
			path = Spectra;
			sourceTree = "<group>";
		};
		607FACD31AFB9204008FA782 /* Supporting Files */ = {
			isa = PBXGroup;
			children = (
				607FACD41AFB9204008FA782 /* Info.plist */,
			);
			name = "Supporting Files";
			sourceTree = "<group>";
		};
		607FACE81AFB9204008FA782 /* Tests */ = {
			isa = PBXGroup;
			children = (
				43B74F431BD658D3009D9BED /* SceneGraphXML */,
				43E26EAA1BCE23E700709D29 /* S3DXML */,
				607FACE91AFB9204008FA782 /* Supporting Files */,
			);
			path = Tests;
			sourceTree = "<group>";
		};
		607FACE91AFB9204008FA782 /* Supporting Files */ = {
			isa = PBXGroup;
			children = (
				607FACEA1AFB9204008FA782 /* Info.plist */,
				43DADE541BD25D4900986774 /* S3DXMLTest.xml */,
			);
			name = "Supporting Files";
			sourceTree = "<group>";
		};
		607FACF51AFB993E008FA782 /* Podspec Metadata */ = {
			isa = PBXGroup;
			children = (
				1328903B16E792FD233D3B8E /* Spectra.podspec */,
				C63F368B05D54B2C49A71A9A /* README.md */,
				0BD99D9098A196B696963522 /* LICENSE */,
			);
			name = "Podspec Metadata";
			sourceTree = "<group>";
		};
		6B4D1D1BCEC22728E369E133 /* Pods */ = {
			isa = PBXGroup;
			children = (
				A05BB96BF160C79F9EBEBCEE /* Pods-Spectra_Example.debug.xcconfig */,
				45209440FD1512ABEF566A1A /* Pods-Spectra_Example.release.xcconfig */,
				0A504692F105E6A7CFDAC5DC /* Pods-Spectra_Tests.debug.xcconfig */,
				BE33A28BB69B8A19B54F816A /* Pods-Spectra_Tests.release.xcconfig */,
			);
			name = Pods;
			sourceTree = "<group>";
		};
		BF787B692E0469487BBB3EA2 /* Frameworks */ = {
			isa = PBXGroup;
			children = (
				43E26EA61BCE21F400709D29 /* Pods.framework */,
				E0114F1238F6EAA1CA832078 /* Pods_Spectra_Example.framework */,
				A033ED2BE8059D67C63C7076 /* Pods_Spectra_Tests.framework */,
				8670C11B8707620747FB999E /* Pods.framework */,
			);
			name = Frameworks;
			sourceTree = "<group>";
		};
/* End PBXGroup section */

/* Begin PBXNativeTarget section */
		607FACCF1AFB9204008FA782 /* Spectra_Example */ = {
			isa = PBXNativeTarget;
			buildConfigurationList = 607FACEF1AFB9204008FA782 /* Build configuration list for PBXNativeTarget "Spectra_Example" */;
			buildPhases = (
				2317FFFFC8EF9FDF7316484B /* Check Pods Manifest.lock */,
				607FACCC1AFB9204008FA782 /* Sources */,
				607FACCD1AFB9204008FA782 /* Frameworks */,
				607FACCE1AFB9204008FA782 /* Resources */,
				B24041F2EA24F7FC8E104409 /* Embed Pods Frameworks */,
				3588C1D5C1511BA519F30802 /* Copy Pods Resources */,
			);
			buildRules = (
			);
			dependencies = (
			);
			name = Spectra_Example;
			productName = Spectra;
			productReference = 607FACD01AFB9204008FA782 /* Spectra_Example.app */;
			productType = "com.apple.product-type.application";
		};
		607FACE41AFB9204008FA782 /* Spectra_Tests */ = {
			isa = PBXNativeTarget;
			buildConfigurationList = 607FACF21AFB9204008FA782 /* Build configuration list for PBXNativeTarget "Spectra_Tests" */;
			buildPhases = (
				957D350BFC2B8D81903F9FDB /* Check Pods Manifest.lock */,
				607FACE11AFB9204008FA782 /* Sources */,
				607FACE21AFB9204008FA782 /* Frameworks */,
				607FACE31AFB9204008FA782 /* Resources */,
				C5ABDF2280C1EF3642361EB4 /* Embed Pods Frameworks */,
				61863001B17E65346C2FB135 /* Copy Pods Resources */,
			);
			buildRules = (
			);
			dependencies = (
				43E26EA91BCE222100709D29 /* PBXTargetDependency */,
			);
			name = Spectra_Tests;
			productName = Tests;
			productReference = 607FACE51AFB9204008FA782 /* Spectra_Tests.xctest */;
			productType = "com.apple.product-type.bundle.unit-test";
		};
/* End PBXNativeTarget section */

/* Begin PBXProject section */
		607FACC81AFB9204008FA782 /* Project object */ = {
			isa = PBXProject;
			attributes = {
				LastSwiftUpdateCheck = 0700;
				LastUpgradeCheck = 0700;
				ORGANIZATIONNAME = CocoaPods;
				TargetAttributes = {
					607FACCF1AFB9204008FA782 = {
						CreatedOnToolsVersion = 6.3.1;
						DevelopmentTeam = 9F365H5MWB;
					};
					607FACE41AFB9204008FA782 = {
						CreatedOnToolsVersion = 6.3.1;
						TestTargetID = 607FACCF1AFB9204008FA782;
					};
				};
			};
			buildConfigurationList = 607FACCB1AFB9204008FA782 /* Build configuration list for PBXProject "Spectra" */;
			compatibilityVersion = "Xcode 3.2";
			developmentRegion = English;
			hasScannedForEncodings = 0;
			knownRegions = (
				en,
				Base,
			);
			mainGroup = 607FACC71AFB9204008FA782;
			productRefGroup = 607FACD11AFB9204008FA782 /* Products */;
			projectDirPath = "";
			projectRoot = "";
			targets = (
				607FACCF1AFB9204008FA782 /* Spectra_Example */,
				607FACE41AFB9204008FA782 /* Spectra_Tests */,
			);
		};
/* End PBXProject section */

/* Begin PBXResourcesBuildPhase section */
		607FACCE1AFB9204008FA782 /* Resources */ = {
			isa = PBXResourcesBuildPhase;
			buildActionMask = 2147483647;
			files = (
				607FACDB1AFB9204008FA782 /* Main.storyboard in Resources */,
				607FACE01AFB9204008FA782 /* LaunchScreen.xib in Resources */,
				43D8BAA91BC82100004323ED /* Cube.xml in Resources */,
				433894481BCB676A00CE1002 /* Spectra3D.xml in Resources */,
				43DADE551BD25D4900986774 /* S3DXMLTest.xml in Resources */,
				43B74F451BD658EB009D9BED /* SceneGraphXMLTest.xml in Resources */,
				607FACDD1AFB9204008FA782 /* Images.xcassets in Resources */,
				43DADE5B1BD51C0300986774 /* SpectraSceneGraph.xml in Resources */,
			);
			runOnlyForDeploymentPostprocessing = 0;
		};
		607FACE31AFB9204008FA782 /* Resources */ = {
			isa = PBXResourcesBuildPhase;
			buildActionMask = 2147483647;
			files = (
				43DADE581BD37BFB00986774 /* S3DXMLTest.xml in Resources */,
			);
			runOnlyForDeploymentPostprocessing = 0;
		};
/* End PBXResourcesBuildPhase section */

/* Begin PBXShellScriptBuildPhase section */
		2317FFFFC8EF9FDF7316484B /* Check Pods Manifest.lock */ = {
			isa = PBXShellScriptBuildPhase;
			buildActionMask = 2147483647;
			files = (
			);
			inputPaths = (
			);
			name = "Check Pods Manifest.lock";
			outputPaths = (
			);
			runOnlyForDeploymentPostprocessing = 0;
			shellPath = /bin/sh;
			shellScript = "diff \"${PODS_ROOT}/../Podfile.lock\" \"${PODS_ROOT}/Manifest.lock\" > /dev/null\nif [[ $? != 0 ]] ; then\n    cat << EOM\nerror: The sandbox is not in sync with the Podfile.lock. Run 'pod install' or update your CocoaPods installation.\nEOM\n    exit 1\nfi\n";
			showEnvVarsInLog = 0;
		};
		3588C1D5C1511BA519F30802 /* Copy Pods Resources */ = {
			isa = PBXShellScriptBuildPhase;
			buildActionMask = 2147483647;
			files = (
			);
			inputPaths = (
			);
			name = "Copy Pods Resources";
			outputPaths = (
			);
			runOnlyForDeploymentPostprocessing = 0;
			shellPath = /bin/sh;
			shellScript = "\"${SRCROOT}/Pods/Target Support Files/Pods-Spectra_Example/Pods-Spectra_Example-resources.sh\"\n";
			showEnvVarsInLog = 0;
		};
		61863001B17E65346C2FB135 /* Copy Pods Resources */ = {
			isa = PBXShellScriptBuildPhase;
			buildActionMask = 2147483647;
			files = (
			);
			inputPaths = (
			);
			name = "Copy Pods Resources";
			outputPaths = (
			);
			runOnlyForDeploymentPostprocessing = 0;
			shellPath = /bin/sh;
			shellScript = "\"${SRCROOT}/Pods/Target Support Files/Pods-Spectra_Tests/Pods-Spectra_Tests-resources.sh\"\n";
			showEnvVarsInLog = 0;
		};
		957D350BFC2B8D81903F9FDB /* Check Pods Manifest.lock */ = {
			isa = PBXShellScriptBuildPhase;
			buildActionMask = 2147483647;
			files = (
			);
			inputPaths = (
			);
			name = "Check Pods Manifest.lock";
			outputPaths = (
			);
			runOnlyForDeploymentPostprocessing = 0;
			shellPath = /bin/sh;
			shellScript = "diff \"${PODS_ROOT}/../Podfile.lock\" \"${PODS_ROOT}/Manifest.lock\" > /dev/null\nif [[ $? != 0 ]] ; then\n    cat << EOM\nerror: The sandbox is not in sync with the Podfile.lock. Run 'pod install' or update your CocoaPods installation.\nEOM\n    exit 1\nfi\n";
			showEnvVarsInLog = 0;
		};
		B24041F2EA24F7FC8E104409 /* Embed Pods Frameworks */ = {
			isa = PBXShellScriptBuildPhase;
			buildActionMask = 2147483647;
			files = (
			);
			inputPaths = (
			);
			name = "Embed Pods Frameworks";
			outputPaths = (
			);
			runOnlyForDeploymentPostprocessing = 0;
			shellPath = /bin/sh;
			shellScript = "\"${SRCROOT}/Pods/Target Support Files/Pods/Pods-frameworks.sh\"\n";
			showEnvVarsInLog = 0;
		};
		C5ABDF2280C1EF3642361EB4 /* Embed Pods Frameworks */ = {
			isa = PBXShellScriptBuildPhase;
			buildActionMask = 2147483647;
			files = (
			);
			inputPaths = (
			);
			name = "Embed Pods Frameworks";
			outputPaths = (
			);
			runOnlyForDeploymentPostprocessing = 0;
			shellPath = /bin/sh;
			shellScript = "\"${SRCROOT}/Pods/Target Support Files/Pods-Spectra_Tests/Pods-Spectra_Tests-frameworks.sh\"\n";
			showEnvVarsInLog = 0;
		};
/* End PBXShellScriptBuildPhase section */

/* Begin PBXSourcesBuildPhase section */
		607FACCC1AFB9204008FA782 /* Sources */ = {
			isa = PBXSourcesBuildPhase;
			buildActionMask = 2147483647;
			files = (
				607FACD81AFB9204008FA782 /* ViewController.swift in Sources */,
				438ACE021BC7163D0008C59E /* CubeViewController.swift in Sources */,
				43E90C1A1BC45AC9009DBF99 /* color_shift.metal in Sources */,
				43D8BAB01BC87A97004323ED /* TexturedQuadController.swift in Sources */,
				436B068B1BC23328007C738A /* SpectrogramTextureController.swift in Sources */,
				43D8BAAD1BC85B02004323ED /* DataEncoding.swift in Sources */,
				436B06751BBFB3AE007C738A /* MetalViewController.swift in Sources */,
				607FACD61AFB9204008FA782 /* AppDelegate.swift in Sources */,
			);
			runOnlyForDeploymentPostprocessing = 0;
		};
		607FACE11AFB9204008FA782 /* Sources */ = {
			isa = PBXSourcesBuildPhase;
			buildActionMask = 2147483647;
			files = (
				43E26EAD1BCE280100709D29 /* S3DXSDSpec.swift in Sources */,
				43B74F481BD666D8009D9BED /* SceneGraphXMLSpec.swift in Sources */,
				43DADE531BD21C7100986774 /* S3DXMLSpec.swift in Sources */,
			);
			runOnlyForDeploymentPostprocessing = 0;
		};
/* End PBXSourcesBuildPhase section */

/* Begin PBXTargetDependency section */
		43E26EA91BCE222100709D29 /* PBXTargetDependency */ = {
			isa = PBXTargetDependency;
			target = 607FACCF1AFB9204008FA782 /* Spectra_Example */;
			targetProxy = 43E26EA81BCE222100709D29 /* PBXContainerItemProxy */;
		};
/* End PBXTargetDependency section */

/* Begin PBXVariantGroup section */
		607FACD91AFB9204008FA782 /* Main.storyboard */ = {
			isa = PBXVariantGroup;
			children = (
				607FACDA1AFB9204008FA782 /* Base */,
			);
			name = Main.storyboard;
			sourceTree = "<group>";
		};
		607FACDE1AFB9204008FA782 /* LaunchScreen.xib */ = {
			isa = PBXVariantGroup;
			children = (
				607FACDF1AFB9204008FA782 /* Base */,
			);
			name = LaunchScreen.xib;
			sourceTree = "<group>";
		};
/* End PBXVariantGroup section */

/* Begin XCBuildConfiguration section */
		607FACED1AFB9204008FA782 /* Debug */ = {
			isa = XCBuildConfiguration;
			buildSettings = {
				ALWAYS_SEARCH_USER_PATHS = NO;
				CLANG_CXX_LANGUAGE_STANDARD = "gnu++0x";
				CLANG_CXX_LIBRARY = "libc++";
				CLANG_ENABLE_MODULES = YES;
				CLANG_ENABLE_OBJC_ARC = YES;
				CLANG_WARN_BOOL_CONVERSION = YES;
				CLANG_WARN_CONSTANT_CONVERSION = YES;
				CLANG_WARN_DIRECT_OBJC_ISA_USAGE = YES_ERROR;
				CLANG_WARN_EMPTY_BODY = YES;
				CLANG_WARN_ENUM_CONVERSION = YES;
				CLANG_WARN_INT_CONVERSION = YES;
				CLANG_WARN_OBJC_ROOT_CLASS = YES_ERROR;
				CLANG_WARN_UNREACHABLE_CODE = YES;
				CLANG_WARN__DUPLICATE_METHOD_MATCH = YES;
				"CODE_SIGN_IDENTITY[sdk=iphoneos*]" = "iPhone Developer";
				COPY_PHASE_STRIP = NO;
				DEBUG_INFORMATION_FORMAT = "dwarf-with-dsym";
				ENABLE_BITCODE = YES;
				ENABLE_STRICT_OBJC_MSGSEND = YES;
				ENABLE_TESTABILITY = YES;
				GCC_C_LANGUAGE_STANDARD = gnu99;
				GCC_DYNAMIC_NO_PIC = NO;
				GCC_NO_COMMON_BLOCKS = YES;
				GCC_OPTIMIZATION_LEVEL = 0;
				GCC_PREPROCESSOR_DEFINITIONS = (
					"DEBUG=1",
					"$(inherited)",
				);
				GCC_SYMBOLS_PRIVATE_EXTERN = NO;
				GCC_WARN_64_TO_32_BIT_CONVERSION = YES;
				GCC_WARN_ABOUT_RETURN_TYPE = YES_ERROR;
				GCC_WARN_UNDECLARED_SELECTOR = YES;
				GCC_WARN_UNINITIALIZED_AUTOS = YES_AGGRESSIVE;
				GCC_WARN_UNUSED_FUNCTION = YES;
				GCC_WARN_UNUSED_VARIABLE = YES;
				IPHONEOS_DEPLOYMENT_TARGET = 9.0;
				MTL_ENABLE_DEBUG_INFO = YES;
				ONLY_ACTIVE_ARCH = YES;
				SDKROOT = iphoneos;
				SWIFT_OPTIMIZATION_LEVEL = "-Onone";
			};
			name = Debug;
		};
		607FACEE1AFB9204008FA782 /* Release */ = {
			isa = XCBuildConfiguration;
			buildSettings = {
				ALWAYS_SEARCH_USER_PATHS = NO;
				CLANG_CXX_LANGUAGE_STANDARD = "gnu++0x";
				CLANG_CXX_LIBRARY = "libc++";
				CLANG_ENABLE_MODULES = YES;
				CLANG_ENABLE_OBJC_ARC = YES;
				CLANG_WARN_BOOL_CONVERSION = YES;
				CLANG_WARN_CONSTANT_CONVERSION = YES;
				CLANG_WARN_DIRECT_OBJC_ISA_USAGE = YES_ERROR;
				CLANG_WARN_EMPTY_BODY = YES;
				CLANG_WARN_ENUM_CONVERSION = YES;
				CLANG_WARN_INT_CONVERSION = YES;
				CLANG_WARN_OBJC_ROOT_CLASS = YES_ERROR;
				CLANG_WARN_UNREACHABLE_CODE = YES;
				CLANG_WARN__DUPLICATE_METHOD_MATCH = YES;
				"CODE_SIGN_IDENTITY[sdk=iphoneos*]" = "iPhone Developer";
				COPY_PHASE_STRIP = NO;
				DEBUG_INFORMATION_FORMAT = "dwarf-with-dsym";
				ENABLE_BITCODE = YES;
				ENABLE_NS_ASSERTIONS = NO;
				ENABLE_STRICT_OBJC_MSGSEND = YES;
				GCC_C_LANGUAGE_STANDARD = gnu99;
				GCC_NO_COMMON_BLOCKS = YES;
				GCC_WARN_64_TO_32_BIT_CONVERSION = YES;
				GCC_WARN_ABOUT_RETURN_TYPE = YES_ERROR;
				GCC_WARN_UNDECLARED_SELECTOR = YES;
				GCC_WARN_UNINITIALIZED_AUTOS = YES_AGGRESSIVE;
				GCC_WARN_UNUSED_FUNCTION = YES;
				GCC_WARN_UNUSED_VARIABLE = YES;
				IPHONEOS_DEPLOYMENT_TARGET = 9.0;
				MTL_ENABLE_DEBUG_INFO = NO;
				SDKROOT = iphoneos;
				VALIDATE_PRODUCT = YES;
			};
			name = Release;
		};
		607FACF01AFB9204008FA782 /* Debug */ = {
			isa = XCBuildConfiguration;
			baseConfigurationReference = A05BB96BF160C79F9EBEBCEE /* Pods-Spectra_Example.debug.xcconfig */;
			buildSettings = {
				ASSETCATALOG_COMPILER_APPICON_NAME = AppIcon;
				CODE_SIGN_IDENTITY = "iPhone Developer";
				"CODE_SIGN_IDENTITY[sdk=iphoneos*]" = "iPhone Developer";
				ENABLE_BITCODE = YES;
				INFOPLIST_FILE = Spectra/Info.plist;
				LD_RUNPATH_SEARCH_PATHS = "$(inherited) @executable_path/Frameworks";
				MODULE_NAME = ExampleApp;
				PRODUCT_BUNDLE_IDENTIFIER = "org.cocoapods.demo.$(PRODUCT_NAME:rfc1034identifier)";
				PRODUCT_NAME = "$(TARGET_NAME)";
				PROVISIONING_PROFILE = "";
			};
			name = Debug;
		};
		607FACF11AFB9204008FA782 /* Release */ = {
			isa = XCBuildConfiguration;
			baseConfigurationReference = 45209440FD1512ABEF566A1A /* Pods-Spectra_Example.release.xcconfig */;
			buildSettings = {
				ASSETCATALOG_COMPILER_APPICON_NAME = AppIcon;
				CODE_SIGN_IDENTITY = "iPhone Developer";
				"CODE_SIGN_IDENTITY[sdk=iphoneos*]" = "iPhone Developer";
				ENABLE_BITCODE = YES;
				INFOPLIST_FILE = Spectra/Info.plist;
				LD_RUNPATH_SEARCH_PATHS = "$(inherited) @executable_path/Frameworks";
				MODULE_NAME = ExampleApp;
				PRODUCT_BUNDLE_IDENTIFIER = "org.cocoapods.demo.$(PRODUCT_NAME:rfc1034identifier)";
				PRODUCT_NAME = "$(TARGET_NAME)";
				PROVISIONING_PROFILE = "";
			};
			name = Release;
		};
		607FACF31AFB9204008FA782 /* Debug */ = {
			isa = XCBuildConfiguration;
			baseConfigurationReference = 0A504692F105E6A7CFDAC5DC /* Pods-Spectra_Tests.debug.xcconfig */;
			buildSettings = {
				BUNDLE_LOADER = "$(TEST_HOST)";
				ENABLE_BITCODE = NO;
				FRAMEWORK_SEARCH_PATHS = (
					"$(SDKROOT)/Developer/Library/Frameworks",
					"$(inherited)",
					"$(PROJECT_DIR)/build/Debug-iphoneos",
				);
				GCC_PREPROCESSOR_DEFINITIONS = (
					"DEBUG=1",
					"$(inherited)",
				);
				INFOPLIST_FILE = Tests/Info.plist;
				LD_RUNPATH_SEARCH_PATHS = "$(inherited) @executable_path/Frameworks @loader_path/Frameworks";
				PRODUCT_BUNDLE_IDENTIFIER = "org.cocoapods.$(PRODUCT_NAME:rfc1034identifier)";
				PRODUCT_NAME = "$(TARGET_NAME)";
				TEST_HOST = "$(BUILT_PRODUCTS_DIR)/Spectra_Example.app/Spectra_Example";
			};
			name = Debug;
		};
		607FACF41AFB9204008FA782 /* Release */ = {
			isa = XCBuildConfiguration;
			baseConfigurationReference = BE33A28BB69B8A19B54F816A /* Pods-Spectra_Tests.release.xcconfig */;
			buildSettings = {
				BUNDLE_LOADER = "$(TEST_HOST)";
				ENABLE_BITCODE = NO;
				FRAMEWORK_SEARCH_PATHS = (
					"$(SDKROOT)/Developer/Library/Frameworks",
					"$(inherited)",
					"$(PROJECT_DIR)/build/Debug-iphoneos",
				);
				INFOPLIST_FILE = Tests/Info.plist;
				LD_RUNPATH_SEARCH_PATHS = "$(inherited) @executable_path/Frameworks @loader_path/Frameworks";
				PRODUCT_BUNDLE_IDENTIFIER = "org.cocoapods.$(PRODUCT_NAME:rfc1034identifier)";
				PRODUCT_NAME = "$(TARGET_NAME)";
				TEST_HOST = "$(BUILT_PRODUCTS_DIR)/Spectra_Example.app/Spectra_Example";
			};
			name = Release;
		};
/* End XCBuildConfiguration section */

/* Begin XCConfigurationList section */
		607FACCB1AFB9204008FA782 /* Build configuration list for PBXProject "Spectra" */ = {
			isa = XCConfigurationList;
			buildConfigurations = (
				607FACED1AFB9204008FA782 /* Debug */,
				607FACEE1AFB9204008FA782 /* Release */,
			);
			defaultConfigurationIsVisible = 0;
			defaultConfigurationName = Release;
		};
		607FACEF1AFB9204008FA782 /* Build configuration list for PBXNativeTarget "Spectra_Example" */ = {
			isa = XCConfigurationList;
			buildConfigurations = (
				607FACF01AFB9204008FA782 /* Debug */,
				607FACF11AFB9204008FA782 /* Release */,
			);
			defaultConfigurationIsVisible = 0;
			defaultConfigurationName = Release;
		};
		607FACF21AFB9204008FA782 /* Build configuration list for PBXNativeTarget "Spectra_Tests" */ = {
			isa = XCConfigurationList;
			buildConfigurations = (
				607FACF31AFB9204008FA782 /* Debug */,
				607FACF41AFB9204008FA782 /* Release */,
			);
			defaultConfigurationIsVisible = 0;
			defaultConfigurationName = Release;
		};
/* End XCConfigurationList section */
	};
	rootObject = 607FACC81AFB9204008FA782 /* Project object */;
}
